
Microsoft Visual Studio Solution File, Format Version 12.00
# Visual Studio 15
VisualStudioVersion = 15.0.28307.329
MinimumVisualStudioVersion = 10.0.40219.1
Project("{2150E333-8FDC-42A3-9474-1A3956D46DE8}") = "Services", "Services", "{E47598FF-67A0-4B88-ACAC-352A9781A28A}"
EndProject
Project("{2150E333-8FDC-42A3-9474-1A3956D46DE8}") = "Web", "Web", "{8A03EB24-2299-441B-B299-35A79FEC3539}"
EndProject
Project("{9A19103F-16F7-4668-BE54-9A1E7A4F7556}") = "ASPNETCORE.Services.TeamService", "Services\ASPNETCORE.Services.TeamService\ASPNETCORE.Services.TeamService.csproj", "{D8D79D7C-100C-4AD1-8494-2107EAAD7721}"
EndProject
Project("{2150E333-8FDC-42A3-9474-1A3956D46DE8}") = "Console", "Console", "{B372203C-C9B4-4BB1-BB6D-7F911A1B97E3}"
EndProject
Project("{9A19103F-16F7-4668-BE54-9A1E7A4F7556}") = "ASPNETCORE.Console", "Console\ASPNETCORE.Console\ASPNETCORE.Console.csproj", "{1F3FC25A-2FAA-490E-84F0-7A76BB6C685A}"
EndProject
Project("{9A19103F-16F7-4668-BE54-9A1E7A4F7556}") = "ASPNETCORE.Web", "Web\ASPNETCORE.Web\ASPNETCORE.Web.csproj", "{B050E80C-A9CD-4F29-8293-5917960A4AAE}"
EndProject
Project("{2150E333-8FDC-42A3-9474-1A3956D46DE8}") = "Infrastructure", "Infrastructure", "{42338BAE-2E9B-4372-B4DE-A340460C8414}"
EndProject
Project("{9A19103F-16F7-4668-BE54-9A1E7A4F7556}") = "ASPNETCORE.Services.NotificationTeamService", "Services\ASPNETCORE.Services.NotificationTeamService\ASPNETCORE.Services.NotificationTeamService.csproj", "{0DA8889A-1ADB-41FE-A585-FAEEAF2A5817}"
EndProject
Project("{9A19103F-16F7-4668-BE54-9A1E7A4F7556}") = "ASPNETCORE.Infrastructure", "Infrastructure\ASPNETCORE.Infrastructure\ASPNETCORE.Infrastructure.csproj", "{95FECEA3-A1DE-4064-9799-9572B460D2AE}"
EndProject
Global
	GlobalSection(SolutionConfigurationPlatforms) = preSolution
		Debug|Any CPU = Debug|Any CPU
		Release|Any CPU = Release|Any CPU
	EndGlobalSection
	GlobalSection(ProjectConfigurationPlatforms) = postSolution
		{D8D79D7C-100C-4AD1-8494-2107EAAD7721}.Debug|Any CPU.ActiveCfg = Debug|Any CPU
		{D8D79D7C-100C-4AD1-8494-2107EAAD7721}.Debug|Any CPU.Build.0 = Debug|Any CPU
		{D8D79D7C-100C-4AD1-8494-2107EAAD7721}.Release|Any CPU.ActiveCfg = Release|Any CPU
		{D8D79D7C-100C-4AD1-8494-2107EAAD7721}.Release|Any CPU.Build.0 = Release|Any CPU
		{1F3FC25A-2FAA-490E-84F0-7A76BB6C685A}.Debug|Any CPU.ActiveCfg = Debug|Any CPU
		{1F3FC25A-2FAA-490E-84F0-7A76BB6C685A}.Debug|Any CPU.Build.0 = Debug|Any CPU
		{1F3FC25A-2FAA-490E-84F0-7A76BB6C685A}.Release|Any CPU.ActiveCfg = Release|Any CPU
		{1F3FC25A-2FAA-490E-84F0-7A76BB6C685A}.Release|Any CPU.Build.0 = Release|Any CPU
		{B050E80C-A9CD-4F29-8293-5917960A4AAE}.Debug|Any CPU.ActiveCfg = Debug|Any CPU
		{B050E80C-A9CD-4F29-8293-5917960A4AAE}.Debug|Any CPU.Build.0 = Debug|Any CPU
		{B050E80C-A9CD-4F29-8293-5917960A4AAE}.Release|Any CPU.ActiveCfg = Release|Any CPU
		{B050E80C-A9CD-4F29-8293-5917960A4AAE}.Release|Any CPU.Build.0 = Release|Any CPU
		{0DA8889A-1ADB-41FE-A585-FAEEAF2A5817}.Debug|Any CPU.ActiveCfg = Debug|Any CPU
		{0DA8889A-1ADB-41FE-A585-FAEEAF2A5817}.Debug|Any CPU.Build.0 = Debug|Any CPU
		{0DA8889A-1ADB-41FE-A585-FAEEAF2A5817}.Release|Any CPU.ActiveCfg = Release|Any CPU
		{0DA8889A-1ADB-41FE-A585-FAEEAF2A5817}.Release|Any CPU.Build.0 = Release|Any CPU
		{95FECEA3-A1DE-4064-9799-9572B460D2AE}.Debug|Any CPU.ActiveCfg = Debug|Any CPU
		{95FECEA3-A1DE-4064-9799-9572B460D2AE}.Debug|Any CPU.Build.0 = Debug|Any CPU
		{95FECEA3-A1DE-4064-9799-9572B460D2AE}.Release|Any CPU.ActiveCfg = Release|Any CPU
		{95FECEA3-A1DE-4064-9799-9572B460D2AE}.Release|Any CPU.Build.0 = Release|Any CPU
	EndGlobalSection
	GlobalSection(SolutionProperties) = preSolution
		HideSolutionNode = FALSE
	EndGlobalSection
	GlobalSection(NestedProjects) = preSolution
		{D8D79D7C-100C-4AD1-8494-2107EAAD7721} = {E47598FF-67A0-4B88-ACAC-352A9781A28A}
		{1F3FC25A-2FAA-490E-84F0-7A76BB6C685A} = {B372203C-C9B4-4BB1-BB6D-7F911A1B97E3}
		{B050E80C-A9CD-4F29-8293-5917960A4AAE} = {8A03EB24-2299-441B-B299-35A79FEC3539}
		{0DA8889A-1ADB-41FE-A585-FAEEAF2A5817} = {E47598FF-67A0-4B88-ACAC-352A9781A28A}
		{95FECEA3-A1DE-4064-9799-9572B460D2AE} = {42338BAE-2E9B-4372-B4DE-A340460C8414}
	EndGlobalSection
	GlobalSection(ExtensibilityGlobals) = postSolution
		SolutionGuid = {C19ED563-6097-4ECC-B71F-109550C1D390}
	EndGlobalSection
EndGlobal
